
Microsoft Visual Studio Solution File, Format Version 12.00
# Visual Studio Version 17
VisualStudioVersion = 17.3.32819.101
MinimumVisualStudioVersion = 10.0.40219.1
Project("{9A19103F-16F7-4668-BE54-9A1E7A4F7556}") = "SeBookWeb", "SeBookWeb\SeBookWeb.csproj", "{38440011-FF14-4BB7-8C63-02A5B22E4F38}"
EndProject
Project("{9A19103F-16F7-4668-BE54-9A1E7A4F7556}") = "SeBook.DataAccess", "SeBook.DataAccess\SeBook.DataAccess.csproj", "{FBA74B49-2FFC-4116-9090-C2BB530B20F6}"
EndProject
Project("{9A19103F-16F7-4668-BE54-9A1E7A4F7556}") = "SeBook.Models", "SeBook.Models\SeBook.Models.csproj", "{EEE238C7-43DF-4502-B3FB-396C3D9CE306}"
EndProject
Project("{9A19103F-16F7-4668-BE54-9A1E7A4F7556}") = "SeBook.Utility", "SeBook.Utility\SeBook.Utility.csproj", "{33845A89-6470-4698-8F3E-B0E0A3ABC05B}"
EndProject
Project("{FAE04EC0-301F-11D3-BF4B-00C04F79EFBC}") = "SeBook.API", "SeBook.API\SeBook.API.csproj", "{4EFE55CB-003C-4990-9D0F-043E93DFDFE6}"
EndProject
Project("{FAE04EC0-301F-11D3-BF4B-00C04F79EFBC}") = "SeBook.UnitTests", "SeBook.UnitTests\SeBook.UnitTests.csproj", "{992331A5-634E-4525-B75F-23063F888DC5}"
EndProject
Global
	GlobalSection(SolutionConfigurationPlatforms) = preSolution
		Debug|Any CPU = Debug|Any CPU
		Release|Any CPU = Release|Any CPU
	EndGlobalSection
	GlobalSection(ProjectConfigurationPlatforms) = postSolution
		{38440011-FF14-4BB7-8C63-02A5B22E4F38}.Debug|Any CPU.ActiveCfg = Debug|Any CPU
		{38440011-FF14-4BB7-8C63-02A5B22E4F38}.Debug|Any CPU.Build.0 = Debug|Any CPU
		{38440011-FF14-4BB7-8C63-02A5B22E4F38}.Release|Any CPU.ActiveCfg = Release|Any CPU
		{38440011-FF14-4BB7-8C63-02A5B22E4F38}.Release|Any CPU.Build.0 = Release|Any CPU
		{FBA74B49-2FFC-4116-9090-C2BB530B20F6}.Debug|Any CPU.ActiveCfg = Debug|Any CPU
		{FBA74B49-2FFC-4116-9090-C2BB530B20F6}.Debug|Any CPU.Build.0 = Debug|Any CPU
		{FBA74B49-2FFC-4116-9090-C2BB530B20F6}.Release|Any CPU.ActiveCfg = Release|Any CPU
		{FBA74B49-2FFC-4116-9090-C2BB530B20F6}.Release|Any CPU.Build.0 = Release|Any CPU
		{EEE238C7-43DF-4502-B3FB-396C3D9CE306}.Debug|Any CPU.ActiveCfg = Debug|Any CPU
		{EEE238C7-43DF-4502-B3FB-396C3D9CE306}.Debug|Any CPU.Build.0 = Debug|Any CPU
		{EEE238C7-43DF-4502-B3FB-396C3D9CE306}.Release|Any CPU.ActiveCfg = Release|Any CPU
		{EEE238C7-43DF-4502-B3FB-396C3D9CE306}.Release|Any CPU.Build.0 = Release|Any CPU
		{33845A89-6470-4698-8F3E-B0E0A3ABC05B}.Debug|Any CPU.ActiveCfg = Debug|Any CPU
		{33845A89-6470-4698-8F3E-B0E0A3ABC05B}.Debug|Any CPU.Build.0 = Debug|Any CPU
		{33845A89-6470-4698-8F3E-B0E0A3ABC05B}.Release|Any CPU.ActiveCfg = Release|Any CPU
		{33845A89-6470-4698-8F3E-B0E0A3ABC05B}.Release|Any CPU.Build.0 = Release|Any CPU
		{4EFE55CB-003C-4990-9D0F-043E93DFDFE6}.Debug|Any CPU.ActiveCfg = Debug|Any CPU
		{4EFE55CB-003C-4990-9D0F-043E93DFDFE6}.Debug|Any CPU.Build.0 = Debug|Any CPU
		{4EFE55CB-003C-4990-9D0F-043E93DFDFE6}.Release|Any CPU.ActiveCfg = Release|Any CPU
		{4EFE55CB-003C-4990-9D0F-043E93DFDFE6}.Release|Any CPU.Build.0 = Release|Any CPU
		{992331A5-634E-4525-B75F-23063F888DC5}.Debug|Any CPU.ActiveCfg = Debug|Any CPU
		{992331A5-634E-4525-B75F-23063F888DC5}.Debug|Any CPU.Build.0 = Debug|Any CPU
		{992331A5-634E-4525-B75F-23063F888DC5}.Release|Any CPU.ActiveCfg = Release|Any CPU
		{992331A5-634E-4525-B75F-23063F888DC5}.Release|Any CPU.Build.0 = Release|Any CPU
	EndGlobalSection
	GlobalSection(SolutionProperties) = preSolution
		HideSolutionNode = FALSE
	EndGlobalSection
	GlobalSection(ExtensibilityGlobals) = postSolution
		SolutionGuid = {E7BF26DF-4A41-40A4-8B47-8FC5EEB7DA39}
	EndGlobalSection
EndGlobal
